
Microsoft Visual Studio Solution File, Format Version 12.00
# Visual Studio Version 17
VisualStudioVersion = 17.13.35913.81 d17.13
MinimumVisualStudioVersion = 10.0.40219.1
Project("{FAE04EC0-301F-11D3-BF4B-00C04F79EFBC}") = "QuizJourney", "QuizJourney\QuizJourney.csproj", "{024E81CD-B221-4252-8FEC-6CB1DE6BA668}"
EndProject
Global
	GlobalSection(SolutionConfigurationPlatforms) = preSolution
		Debug|Any CPU = Debug|Any CPU
		Release|Any CPU = Release|Any CPU
	EndGlobalSection
	GlobalSection(ProjectConfigurationPlatforms) = postSolution
		{024E81CD-B221-4252-8FEC-6CB1DE6BA668}.Debug|Any CPU.ActiveCfg = Debug|Any CPU
		{024E81CD-B221-4252-8FEC-6CB1DE6BA668}.Debug|Any CPU.Build.0 = Debug|Any CPU
		{024E81CD-B221-4252-8FEC-6CB1DE6BA668}.Release|Any CPU.ActiveCfg = Release|Any CPU
		{024E81CD-B221-4252-8FEC-6CB1DE6BA668}.Release|Any CPU.Build.0 = Release|Any CPU
	EndGlobalSection
	GlobalSection(SolutionProperties) = preSolution
		HideSolutionNode = FALSE
	EndGlobalSection
	GlobalSection(ExtensibilityGlobals) = postSolution
		SolutionGuid = {5D891B6E-C86F-4EB2-8A8E-E56CC7189DF4}
	EndGlobalSection
EndGlobal
